// !$*UTF8*$!
{
	archiveVersion = 1;
	classes = {
	};
	objectVersion = 50;
	objects = {

/* Begin PBXBuildFile section */
		DC11EC4E2472D32300880E17 /* LunchViewController.swift in Sources */ = {isa = PBXBuildFile; fileRef = DC11EC4D2472D32300880E17 /* LunchViewController.swift */; };
		DC11EC502472D98200880E17 /* LunchCollCell.swift in Sources */ = {isa = PBXBuildFile; fileRef = DC11EC4F2472D98200880E17 /* LunchCollCell.swift */; };
		DC11EC552472DC4700880E17 /* Location.swift in Sources */ = {isa = PBXBuildFile; fileRef = DC11EC512472DC4600880E17 /* Location.swift */; };
		DC11EC562472DC4700880E17 /* RootModel.swift in Sources */ = {isa = PBXBuildFile; fileRef = DC11EC522472DC4700880E17 /* RootModel.swift */; };
		DC11EC572472DC4700880E17 /* Restaurant.swift in Sources */ = {isa = PBXBuildFile; fileRef = DC11EC532472DC4700880E17 /* Restaurant.swift */; };
		DC11EC582472DC4700880E17 /* Contact.swift in Sources */ = {isa = PBXBuildFile; fileRef = DC11EC542472DC4700880E17 /* Contact.swift */; };
		DC11EC5C2472E2D500880E17 /* Constants.swift in Sources */ = {isa = PBXBuildFile; fileRef = DC11EC5B2472E2D500880E17 /* Constants.swift */; };
		DC11EC5E2472F4BB00880E17 /* ListViewControllerPresenter.swift in Sources */ = {isa = PBXBuildFile; fileRef = DC11EC5D2472F4BB00880E17 /* ListViewControllerPresenter.swift */; };
		DC11EC602472F65400880E17 /* NetworkManager.swift in Sources */ = {isa = PBXBuildFile; fileRef = DC11EC5F2472F65300880E17 /* NetworkManager.swift */; };
		DC1E41742472B2F60056518B /* AppDelegate.swift in Sources */ = {isa = PBXBuildFile; fileRef = DC1E41732472B2F60056518B /* AppDelegate.swift */; };
		DC1E41762472B2F60056518B /* SceneDelegate.swift in Sources */ = {isa = PBXBuildFile; fileRef = DC1E41752472B2F60056518B /* SceneDelegate.swift */; };
		DC1E41782472B2F60056518B /* ViewController.swift in Sources */ = {isa = PBXBuildFile; fileRef = DC1E41772472B2F60056518B /* ViewController.swift */; };
		DC1E417B2472B2F60056518B /* Main.storyboard in Resources */ = {isa = PBXBuildFile; fileRef = DC1E41792472B2F60056518B /* Main.storyboard */; };
		DC1E417D2472B2F80056518B /* Assets.xcassets in Resources */ = {isa = PBXBuildFile; fileRef = DC1E417C2472B2F80056518B /* Assets.xcassets */; };
		DC1E41802472B2F80056518B /* LaunchScreen.storyboard in Resources */ = {isa = PBXBuildFile; fileRef = DC1E417E2472B2F80056518B /* LaunchScreen.storyboard */; };
		DC1E418B2472B2F80056518B /* AssignmentPeopleTests.swift in Sources */ = {isa = PBXBuildFile; fileRef = DC1E418A2472B2F80056518B /* AssignmentPeopleTests.swift */; };
		DC1E419A2472B64E0056518B /* APIManager.swift in Sources */ = {isa = PBXBuildFile; fileRef = DC1E41992472B64E0056518B /* APIManager.swift */; };
		DC3E44EA247518E800ACD906 /* JSONTests.swift in Sources */ = {isa = PBXBuildFile; fileRef = DC3E44E9247518E800ACD906 /* JSONTests.swift */; };
		DC597FE32473BBE400259729 /* MAPViewController.swift in Sources */ = {isa = PBXBuildFile; fileRef = DC597FE22473BBE400259729 /* MAPViewController.swift */; };
		DC597FE52473CABF00259729 /* WebViewViewController.swift in Sources */ = {isa = PBXBuildFile; fileRef = DC597FE42473CABF00259729 /* WebViewViewController.swift */; };
		DC73CF1924751AAD00A22C6A /* Lunch.json in Resources */ = {isa = PBXBuildFile; fileRef = DC73CF1824751AAD00A22C6A /* Lunch.json */; };
/* End PBXBuildFile section */

/* Begin PBXContainerItemProxy section */
		DC1E41872472B2F80056518B /* PBXContainerItemProxy */ = {
			isa = PBXContainerItemProxy;
			containerPortal = DC1E41682472B2F60056518B /* Project object */;
			proxyType = 1;
			remoteGlobalIDString = DC1E416F2472B2F60056518B;
			remoteInfo = AssignmentPeople;
		};
/* End PBXContainerItemProxy section */

/* Begin PBXFileReference section */
		DC11EC4D2472D32300880E17 /* LunchViewController.swift */ = {isa = PBXFileReference; lastKnownFileType = sourcecode.swift; path = LunchViewController.swift; sourceTree = "<group>"; };
		DC11EC4F2472D98200880E17 /* LunchCollCell.swift */ = {isa = PBXFileReference; lastKnownFileType = sourcecode.swift; path = LunchCollCell.swift; sourceTree = "<group>"; };
		DC11EC512472DC4600880E17 /* Location.swift */ = {isa = PBXFileReference; fileEncoding = 4; lastKnownFileType = sourcecode.swift; path = Location.swift; sourceTree = "<group>"; };
		DC11EC522472DC4700880E17 /* RootModel.swift */ = {isa = PBXFileReference; fileEncoding = 4; lastKnownFileType = sourcecode.swift; path = RootModel.swift; sourceTree = "<group>"; };
		DC11EC532472DC4700880E17 /* Restaurant.swift */ = {isa = PBXFileReference; fileEncoding = 4; lastKnownFileType = sourcecode.swift; path = Restaurant.swift; sourceTree = "<group>"; };
		DC11EC542472DC4700880E17 /* Contact.swift */ = {isa = PBXFileReference; fileEncoding = 4; lastKnownFileType = sourcecode.swift; path = Contact.swift; sourceTree = "<group>"; };
		DC11EC5B2472E2D500880E17 /* Constants.swift */ = {isa = PBXFileReference; lastKnownFileType = sourcecode.swift; path = Constants.swift; sourceTree = "<group>"; };
		DC11EC5D2472F4BB00880E17 /* ListViewControllerPresenter.swift */ = {isa = PBXFileReference; lastKnownFileType = sourcecode.swift; path = ListViewControllerPresenter.swift; sourceTree = "<group>"; };
		DC11EC5F2472F65300880E17 /* NetworkManager.swift */ = {isa = PBXFileReference; fileEncoding = 4; lastKnownFileType = sourcecode.swift; path = NetworkManager.swift; sourceTree = "<group>"; };
		DC1E41702472B2F60056518B /* AssignmentPeople.app */ = {isa = PBXFileReference; explicitFileType = wrapper.application; includeInIndex = 0; path = AssignmentPeople.app; sourceTree = BUILT_PRODUCTS_DIR; };
		DC1E41732472B2F60056518B /* AppDelegate.swift */ = {isa = PBXFileReference; lastKnownFileType = sourcecode.swift; path = AppDelegate.swift; sourceTree = "<group>"; };
		DC1E41752472B2F60056518B /* SceneDelegate.swift */ = {isa = PBXFileReference; lastKnownFileType = sourcecode.swift; path = SceneDelegate.swift; sourceTree = "<group>"; };
		DC1E41772472B2F60056518B /* ViewController.swift */ = {isa = PBXFileReference; lastKnownFileType = sourcecode.swift; path = ViewController.swift; sourceTree = "<group>"; };
		DC1E417A2472B2F60056518B /* Base */ = {isa = PBXFileReference; lastKnownFileType = file.storyboard; name = Base; path = Base.lproj/Main.storyboard; sourceTree = "<group>"; };
		DC1E417C2472B2F80056518B /* Assets.xcassets */ = {isa = PBXFileReference; lastKnownFileType = folder.assetcatalog; path = Assets.xcassets; sourceTree = "<group>"; };
		DC1E417F2472B2F80056518B /* Base */ = {isa = PBXFileReference; lastKnownFileType = file.storyboard; name = Base; path = Base.lproj/LaunchScreen.storyboard; sourceTree = "<group>"; };
		DC1E41812472B2F80056518B /* Info.plist */ = {isa = PBXFileReference; lastKnownFileType = text.plist.xml; path = Info.plist; sourceTree = "<group>"; };
		DC1E41862472B2F80056518B /* AssignmentPeopleTests.xctest */ = {isa = PBXFileReference; explicitFileType = wrapper.cfbundle; includeInIndex = 0; path = AssignmentPeopleTests.xctest; sourceTree = BUILT_PRODUCTS_DIR; };
		DC1E418A2472B2F80056518B /* AssignmentPeopleTests.swift */ = {isa = PBXFileReference; lastKnownFileType = sourcecode.swift; path = AssignmentPeopleTests.swift; sourceTree = "<group>"; };
		DC1E418C2472B2F80056518B /* Info.plist */ = {isa = PBXFileReference; lastKnownFileType = text.plist.xml; path = Info.plist; sourceTree = "<group>"; };
		DC1E41992472B64E0056518B /* APIManager.swift */ = {isa = PBXFileReference; fileEncoding = 4; lastKnownFileType = sourcecode.swift; path = APIManager.swift; sourceTree = "<group>"; };
		DC3E44E9247518E800ACD906 /* JSONTests.swift */ = {isa = PBXFileReference; fileEncoding = 4; lastKnownFileType = sourcecode.swift; path = JSONTests.swift; sourceTree = "<group>"; };
		DC597FE22473BBE400259729 /* MAPViewController.swift */ = {isa = PBXFileReference; lastKnownFileType = sourcecode.swift; path = MAPViewController.swift; sourceTree = "<group>"; };
		DC597FE42473CABF00259729 /* WebViewViewController.swift */ = {isa = PBXFileReference; lastKnownFileType = sourcecode.swift; path = WebViewViewController.swift; sourceTree = "<group>"; };
		DC73CF1824751AAD00A22C6A /* Lunch.json */ = {isa = PBXFileReference; fileEncoding = 4; lastKnownFileType = text.json; path = Lunch.json; sourceTree = "<group>"; };
/* End PBXFileReference section */

/* Begin PBXFrameworksBuildPhase section */
		DC1E416D2472B2F60056518B /* Frameworks */ = {
			isa = PBXFrameworksBuildPhase;
			buildActionMask = 2147483647;
			files = (
			);
			runOnlyForDeploymentPostprocessing = 0;
		};
		DC1E41832472B2F80056518B /* Frameworks */ = {
			isa = PBXFrameworksBuildPhase;
			buildActionMask = 2147483647;
			files = (
			);
			runOnlyForDeploymentPostprocessing = 0;
		};
/* End PBXFrameworksBuildPhase section */

/* Begin PBXGroup section */
		DC1E41672472B2F60056518B = {
			isa = PBXGroup;
			children = (
				DC73CF1824751AAD00A22C6A /* Lunch.json */,
				DC11EC5B2472E2D500880E17 /* Constants.swift */,
				DC1E41722472B2F60056518B /* AssignmentPeople */,
				DC1E41892472B2F80056518B /* AssignmentPeopleTests */,
				DC1E41712472B2F60056518B /* Products */,
			);
			sourceTree = "<group>";
		};
		DC1E41712472B2F60056518B /* Products */ = {
			isa = PBXGroup;
			children = (
				DC1E41702472B2F60056518B /* AssignmentPeople.app */,
				DC1E41862472B2F80056518B /* AssignmentPeopleTests.xctest */,
			);
			name = Products;
			sourceTree = "<group>";
		};
		DC1E41722472B2F60056518B /* AssignmentPeople */ = {
			isa = PBXGroup;
			children = (
				DC1E41982472B5430056518B /* App */,
				DC1E41952472B3110056518B /* Model */,
				DC1E41962472B32B0056518B /* View */,
				DC1E41972472B5310056518B /* Presenter */,
				DC1E41772472B2F60056518B /* ViewController.swift */,
				DC1E41992472B64E0056518B /* APIManager.swift */,
				DC11EC5F2472F65300880E17 /* NetworkManager.swift */,
				DC1E417C2472B2F80056518B /* Assets.xcassets */,
				DC1E417E2472B2F80056518B /* LaunchScreen.storyboard */,
				DC1E41812472B2F80056518B /* Info.plist */,
			);
			path = AssignmentPeople;
			sourceTree = "<group>";
		};
		DC1E41892472B2F80056518B /* AssignmentPeopleTests */ = {
			isa = PBXGroup;
			children = (
				DC1E418A2472B2F80056518B /* AssignmentPeopleTests.swift */,
				DC3E44E9247518E800ACD906 /* JSONTests.swift */,
				DC1E418C2472B2F80056518B /* Info.plist */,
			);
			path = AssignmentPeopleTests;
			sourceTree = "<group>";
		};
		DC1E41952472B3110056518B /* Model */ = {
			isa = PBXGroup;
			children = (
				DC11EC542472DC4700880E17 /* Contact.swift */,
				DC11EC512472DC4600880E17 /* Location.swift */,
				DC11EC532472DC4700880E17 /* Restaurant.swift */,
				DC11EC522472DC4700880E17 /* RootModel.swift */,
			);
			path = Model;
			sourceTree = "<group>";
		};
		DC1E41962472B32B0056518B /* View */ = {
			isa = PBXGroup;
			children = (
				DC1E41792472B2F60056518B /* Main.storyboard */,
				DC11EC4D2472D32300880E17 /* LunchViewController.swift */,
				DC11EC4F2472D98200880E17 /* LunchCollCell.swift */,
				DC597FE22473BBE400259729 /* MAPViewController.swift */,
				DC597FE42473CABF00259729 /* WebViewViewController.swift */,
			);
			path = View;
			sourceTree = "<group>";
		};
		DC1E41972472B5310056518B /* Presenter */ = {
			isa = PBXGroup;
			children = (
				DC11EC5D2472F4BB00880E17 /* ListViewControllerPresenter.swift */,
			);
			path = Presenter;
			sourceTree = "<group>";
		};
		DC1E41982472B5430056518B /* App */ = {
			isa = PBXGroup;
			children = (
				DC1E41732472B2F60056518B /* AppDelegate.swift */,
				DC1E41752472B2F60056518B /* SceneDelegate.swift */,
			);
			path = App;
			sourceTree = "<group>";
		};
/* End PBXGroup section */

/* Begin PBXNativeTarget section */
		DC1E416F2472B2F60056518B /* AssignmentPeople */ = {
			isa = PBXNativeTarget;
			buildConfigurationList = DC1E418F2472B2F80056518B /* Build configuration list for PBXNativeTarget "AssignmentPeople" */;
			buildPhases = (
				DC1E416C2472B2F60056518B /* Sources */,
				DC1E416D2472B2F60056518B /* Frameworks */,
				DC1E416E2472B2F60056518B /* Resources */,
			);
			buildRules = (
			);
			dependencies = (
			);
			name = AssignmentPeople;
			productName = AssignmentPeople;
			productReference = DC1E41702472B2F60056518B /* AssignmentPeople.app */;
			productType = "com.apple.product-type.application";
		};
		DC1E41852472B2F80056518B /* AssignmentPeopleTests */ = {
			isa = PBXNativeTarget;
			buildConfigurationList = DC1E41922472B2F80056518B /* Build configuration list for PBXNativeTarget "AssignmentPeopleTests" */;
			buildPhases = (
				DC1E41822472B2F80056518B /* Sources */,
				DC1E41832472B2F80056518B /* Frameworks */,
				DC1E41842472B2F80056518B /* Resources */,
			);
			buildRules = (
			);
			dependencies = (
				DC1E41882472B2F80056518B /* PBXTargetDependency */,
			);
			name = AssignmentPeopleTests;
			productName = AssignmentPeopleTests;
			productReference = DC1E41862472B2F80056518B /* AssignmentPeopleTests.xctest */;
			productType = "com.apple.product-type.bundle.unit-test";
		};
/* End PBXNativeTarget section */

/* Begin PBXProject section */
		DC1E41682472B2F60056518B /* Project object */ = {
			isa = PBXProject;
			attributes = {
				LastSwiftUpdateCheck = 1110;
				LastUpgradeCheck = 1110;
				ORGANIZATIONNAME = "Palak jain";
				TargetAttributes = {
					DC1E416F2472B2F60056518B = {
						CreatedOnToolsVersion = 11.1;
					};
					DC1E41852472B2F80056518B = {
						CreatedOnToolsVersion = 11.1;
						TestTargetID = DC1E416F2472B2F60056518B;
					};
				};
			};
			buildConfigurationList = DC1E416B2472B2F60056518B /* Build configuration list for PBXProject "AssignmentPeople" */;
			compatibilityVersion = "Xcode 9.3";
			developmentRegion = en;
			hasScannedForEncodings = 0;
			knownRegions = (
				en,
				Base,
			);
			mainGroup = DC1E41672472B2F60056518B;
			productRefGroup = DC1E41712472B2F60056518B /* Products */;
			projectDirPath = "";
			projectRoot = "";
			targets = (
				DC1E416F2472B2F60056518B /* AssignmentPeople */,
				DC1E41852472B2F80056518B /* AssignmentPeopleTests */,
			);
		};
/* End PBXProject section */

/* Begin PBXResourcesBuildPhase section */
		DC1E416E2472B2F60056518B /* Resources */ = {
			isa = PBXResourcesBuildPhase;
			buildActionMask = 2147483647;
			files = (
				DC73CF1924751AAD00A22C6A /* Lunch.json in Resources */,
				DC1E41802472B2F80056518B /* LaunchScreen.storyboard in Resources */,
				DC1E417D2472B2F80056518B /* Assets.xcassets in Resources */,
				DC1E417B2472B2F60056518B /* Main.storyboard in Resources */,
			);
			runOnlyForDeploymentPostprocessing = 0;
		};
		DC1E41842472B2F80056518B /* Resources */ = {
			isa = PBXResourcesBuildPhase;
			buildActionMask = 2147483647;
			files = (
			);
			runOnlyForDeploymentPostprocessing = 0;
		};
/* End PBXResourcesBuildPhase section */

/* Begin PBXSourcesBuildPhase section */
		DC1E416C2472B2F60056518B /* Sources */ = {
			isa = PBXSourcesBuildPhase;
			buildActionMask = 2147483647;
			files = (
				DC11EC5C2472E2D500880E17 /* Constants.swift in Sources */,
				DC11EC5E2472F4BB00880E17 /* ListViewControllerPresenter.swift in Sources */,
				DC11EC502472D98200880E17 /* LunchCollCell.swift in Sources */,
				DC11EC602472F65400880E17 /* NetworkManager.swift in Sources */,
				DC1E419A2472B64E0056518B /* APIManager.swift in Sources */,
				DC11EC582472DC4700880E17 /* Contact.swift in Sources */,
				DC11EC4E2472D32300880E17 /* LunchViewController.swift in Sources */,
				DC1E41782472B2F60056518B /* ViewController.swift in Sources */,
				DC1E41742472B2F60056518B /* AppDelegate.swift in Sources */,
				DC1E41762472B2F60056518B /* SceneDelegate.swift in Sources */,
				DC597FE52473CABF00259729 /* WebViewViewController.swift in Sources */,
				DC11EC552472DC4700880E17 /* Location.swift in Sources */,
				DC597FE32473BBE400259729 /* MAPViewController.swift in Sources */,
				DC11EC562472DC4700880E17 /* RootModel.swift in Sources */,
				DC11EC572472DC4700880E17 /* Restaurant.swift in Sources */,
			);
			runOnlyForDeploymentPostprocessing = 0;
		};
		DC1E41822472B2F80056518B /* Sources */ = {
			isa = PBXSourcesBuildPhase;
			buildActionMask = 2147483647;
			files = (
				DC1E418B2472B2F80056518B /* AssignmentPeopleTests.swift in Sources */,
				DC3E44EA247518E800ACD906 /* JSONTests.swift in Sources */,
			);
			runOnlyForDeploymentPostprocessing = 0;
		};
/* End PBXSourcesBuildPhase section */

/* Begin PBXTargetDependency section */
		DC1E41882472B2F80056518B /* PBXTargetDependency */ = {
			isa = PBXTargetDependency;
			target = DC1E416F2472B2F60056518B /* AssignmentPeople */;
			targetProxy = DC1E41872472B2F80056518B /* PBXContainerItemProxy */;
		};
/* End PBXTargetDependency section */

/* Begin PBXVariantGroup section */
		DC1E41792472B2F60056518B /* Main.storyboard */ = {
			isa = PBXVariantGroup;
			children = (
				DC1E417A2472B2F60056518B /* Base */,
			);
			name = Main.storyboard;
			sourceTree = "<group>";
		};
		DC1E417E2472B2F80056518B /* LaunchScreen.storyboard */ = {
			isa = PBXVariantGroup;
			children = (
				DC1E417F2472B2F80056518B /* Base */,
			);
			name = LaunchScreen.storyboard;
			sourceTree = "<group>";
		};
/* End PBXVariantGroup section */

/* Begin XCBuildConfiguration section */
		DC1E418D2472B2F80056518B /* Debug */ = {
			isa = XCBuildConfiguration;
			buildSettings = {
				ALWAYS_SEARCH_USER_PATHS = NO;
				CLANG_ANALYZER_NONNULL = YES;
				CLANG_ANALYZER_NUMBER_OBJECT_CONVERSION = YES_AGGRESSIVE;
				CLANG_CXX_LANGUAGE_STANDARD = "gnu++14";
				CLANG_CXX_LIBRARY = "libc++";
				CLANG_ENABLE_MODULES = YES;
				CLANG_ENABLE_OBJC_ARC = YES;
				CLANG_ENABLE_OBJC_WEAK = YES;
				CLANG_WARN_BLOCK_CAPTURE_AUTORELEASING = YES;
				CLANG_WARN_BOOL_CONVERSION = YES;
				CLANG_WARN_COMMA = YES;
				CLANG_WARN_CONSTANT_CONVERSION = YES;
				CLANG_WARN_DEPRECATED_OBJC_IMPLEMENTATIONS = YES;
				CLANG_WARN_DIRECT_OBJC_ISA_USAGE = YES_ERROR;
				CLANG_WARN_DOCUMENTATION_COMMENTS = YES;
				CLANG_WARN_EMPTY_BODY = YES;
				CLANG_WARN_ENUM_CONVERSION = YES;
				CLANG_WARN_INFINITE_RECURSION = YES;
				CLANG_WARN_INT_CONVERSION = YES;
				CLANG_WARN_NON_LITERAL_NULL_CONVERSION = YES;
				CLANG_WARN_OBJC_IMPLICIT_RETAIN_SELF = YES;
				CLANG_WARN_OBJC_LITERAL_CONVERSION = YES;
				CLANG_WARN_OBJC_ROOT_CLASS = YES_ERROR;
				CLANG_WARN_RANGE_LOOP_ANALYSIS = YES;
				CLANG_WARN_STRICT_PROTOTYPES = YES;
				CLANG_WARN_SUSPICIOUS_MOVE = YES;
				CLANG_WARN_UNGUARDED_AVAILABILITY = YES_AGGRESSIVE;
				CLANG_WARN_UNREACHABLE_CODE = YES;
				CLANG_WARN__DUPLICATE_METHOD_MATCH = YES;
				COPY_PHASE_STRIP = NO;
				DEBUG_INFORMATION_FORMAT = dwarf;
				ENABLE_STRICT_OBJC_MSGSEND = YES;
				ENABLE_TESTABILITY = YES;
				GCC_C_LANGUAGE_STANDARD = gnu11;
				GCC_DYNAMIC_NO_PIC = NO;
				GCC_NO_COMMON_BLOCKS = YES;
				GCC_OPTIMIZATION_LEVEL = 0;
				GCC_PREPROCESSOR_DEFINITIONS = (
					"DEBUG=1",
					"$(inherited)",
				);
				GCC_WARN_64_TO_32_BIT_CONVERSION = YES;
				GCC_WARN_ABOUT_RETURN_TYPE = YES_ERROR;
				GCC_WARN_UNDECLARED_SELECTOR = YES;
				GCC_WARN_UNINITIALIZED_AUTOS = YES_AGGRESSIVE;
				GCC_WARN_UNUSED_FUNCTION = YES;
				GCC_WARN_UNUSED_VARIABLE = YES;
				IPHONEOS_DEPLOYMENT_TARGET = 13.1;
				MTL_ENABLE_DEBUG_INFO = INCLUDE_SOURCE;
				MTL_FAST_MATH = YES;
				ONLY_ACTIVE_ARCH = YES;
				SDKROOT = iphoneos;
				SWIFT_ACTIVE_COMPILATION_CONDITIONS = DEBUG;
				SWIFT_OPTIMIZATION_LEVEL = "-Onone";
			};
			name = Debug;
		};
		DC1E418E2472B2F80056518B /* Release */ = {
			isa = XCBuildConfiguration;
			buildSettings = {
				ALWAYS_SEARCH_USER_PATHS = NO;
				CLANG_ANALYZER_NONNULL = YES;
				CLANG_ANALYZER_NUMBER_OBJECT_CONVERSION = YES_AGGRESSIVE;
				CLANG_CXX_LANGUAGE_STANDARD = "gnu++14";
				CLANG_CXX_LIBRARY = "libc++";
				CLANG_ENABLE_MODULES = YES;
				CLANG_ENABLE_OBJC_ARC = YES;
				CLANG_ENABLE_OBJC_WEAK = YES;
				CLANG_WARN_BLOCK_CAPTURE_AUTORELEASING = YES;
				CLANG_WARN_BOOL_CONVERSION = YES;
				CLANG_WARN_COMMA = YES;
				CLANG_WARN_CONSTANT_CONVERSION = YES;
				CLANG_WARN_DEPRECATED_OBJC_IMPLEMENTATIONS = YES;
				CLANG_WARN_DIRECT_OBJC_ISA_USAGE = YES_ERROR;
				CLANG_WARN_DOCUMENTATION_COMMENTS = YES;
				CLANG_WARN_EMPTY_BODY = YES;
				CLANG_WARN_ENUM_CONVERSION = YES;
				CLANG_WARN_INFINITE_RECURSION = YES;
				CLANG_WARN_INT_CONVERSION = YES;
				CLANG_WARN_NON_LITERAL_NULL_CONVERSION = YES;
				CLANG_WARN_OBJC_IMPLICIT_RETAIN_SELF = YES;
				CLANG_WARN_OBJC_LITERAL_CONVERSION = YES;
				CLANG_WARN_OBJC_ROOT_CLASS = YES_ERROR;
				CLANG_WARN_RANGE_LOOP_ANALYSIS = YES;
				CLANG_WARN_STRICT_PROTOTYPES = YES;
				CLANG_WARN_SUSPICIOUS_MOVE = YES;
				CLANG_WARN_UNGUARDED_AVAILABILITY = YES_AGGRESSIVE;
				CLANG_WARN_UNREACHABLE_CODE = YES;
				CLANG_WARN__DUPLICATE_METHOD_MATCH = YES;
				COPY_PHASE_STRIP = NO;
				DEBUG_INFORMATION_FORMAT = "dwarf-with-dsym";
				ENABLE_NS_ASSERTIONS = NO;
				ENABLE_STRICT_OBJC_MSGSEND = YES;
				GCC_C_LANGUAGE_STANDARD = gnu11;
				GCC_NO_COMMON_BLOCKS = YES;
				GCC_WARN_64_TO_32_BIT_CONVERSION = YES;
				GCC_WARN_ABOUT_RETURN_TYPE = YES_ERROR;
				GCC_WARN_UNDECLARED_SELECTOR = YES;
				GCC_WARN_UNINITIALIZED_AUTOS = YES_AGGRESSIVE;
				GCC_WARN_UNUSED_FUNCTION = YES;
				GCC_WARN_UNUSED_VARIABLE = YES;
				IPHONEOS_DEPLOYMENT_TARGET = 13.1;
				MTL_ENABLE_DEBUG_INFO = NO;
				MTL_FAST_MATH = YES;
				SDKROOT = iphoneos;
				SWIFT_COMPILATION_MODE = wholemodule;
				SWIFT_OPTIMIZATION_LEVEL = "-O";
				VALIDATE_PRODUCT = YES;
			};
			name = Release;
		};
		DC1E41902472B2F80056518B /* Debug */ = {
			isa = XCBuildConfiguration;
			buildSettings = {
				ASSETCATALOG_COMPILER_APPICON_NAME = AppIcon;
				CODE_SIGN_STYLE = Automatic;
				DEVELOPMENT_TEAM = GDATAGRRHA;
				INFOPLIST_FILE = AssignmentPeople/Info.plist;
				LD_RUNPATH_SEARCH_PATHS = (
					"$(inherited)",
					"@executable_path/Frameworks",
				);
				PRODUCT_BUNDLE_IDENTIFIER = com.assignmentpalak.AssignmentPeople;
				PRODUCT_NAME = "$(TARGET_NAME)";
				SWIFT_VERSION = 5.0;
				TARGETED_DEVICE_FAMILY = "1,2";
			};
			name = Debug;
		};
		DC1E41912472B2F80056518B /* Release */ = {
			isa = XCBuildConfiguration;
			buildSettings = {
				ASSETCATALOG_COMPILER_APPICON_NAME = AppIcon;
				CODE_SIGN_STYLE = Automatic;
				DEVELOPMENT_TEAM = GDATAGRRHA;
				INFOPLIST_FILE = AssignmentPeople/Info.plist;
				LD_RUNPATH_SEARCH_PATHS = (
					"$(inherited)",
					"@executable_path/Frameworks",
				);
				PRODUCT_BUNDLE_IDENTIFIER = com.assignmentpalak.AssignmentPeople;
				PRODUCT_NAME = "$(TARGET_NAME)";
				SWIFT_VERSION = 5.0;
				TARGETED_DEVICE_FAMILY = "1,2";
			};
			name = Release;
		};
		DC1E41932472B2F80056518B /* Debug */ = {
			isa = XCBuildConfiguration;
			buildSettings = {
				ALWAYS_EMBED_SWIFT_STANDARD_LIBRARIES = YES;
				BUNDLE_LOADER = "$(TEST_HOST)";
				CODE_SIGN_STYLE = Automatic;
				DEVELOPMENT_TEAM = GDATAGRRHA;
				INFOPLIST_FILE = AssignmentPeopleTests/Info.plist;
				IPHONEOS_DEPLOYMENT_TARGET = 13.1;
				LD_RUNPATH_SEARCH_PATHS = (
					"$(inherited)",
					"@executable_path/Frameworks",
					"@loader_path/Frameworks",
				);
				PRODUCT_BUNDLE_IDENTIFIER = com.assignmentpalak.AssignmentPeopleTests;
				PRODUCT_NAME = "$(TARGET_NAME)";
				SWIFT_VERSION = 5.0;
				TARGETED_DEVICE_FAMILY = "1,2";
				TEST_HOST = "$(BUILT_PRODUCTS_DIR)/AssignmentPeople.app/AssignmentPeople";
			};
			name = Debug;
		};
		DC1E41942472B2F80056518B /* Release */ = {
			isa = XCBuildConfiguration;
			buildSettings = {
				ALWAYS_EMBED_SWIFT_STANDARD_LIBRARIES = YES;
				BUNDLE_LOADER = "$(TEST_HOST)";
				CODE_SIGN_STYLE = Automatic;
				DEVELOPMENT_TEAM = GDATAGRRHA;
				INFOPLIST_FILE = AssignmentPeopleTests/Info.plist;
				IPHONEOS_DEPLOYMENT_TARGET = 13.1;
				LD_RUNPATH_SEARCH_PATHS = (
					"$(inherited)",
					"@executable_path/Frameworks",
					"@loader_path/Frameworks",
				);
				PRODUCT_BUNDLE_IDENTIFIER = com.assignmentpalak.AssignmentPeopleTests;
				PRODUCT_NAME = "$(TARGET_NAME)";
				SWIFT_VERSION = 5.0;
				TARGETED_DEVICE_FAMILY = "1,2";
				TEST_HOST = "$(BUILT_PRODUCTS_DIR)/AssignmentPeople.app/AssignmentPeople";
			};
			name = Release;
		};
/* End XCBuildConfiguration section */

/* Begin XCConfigurationList section */
		DC1E416B2472B2F60056518B /* Build configuration list for PBXProject "AssignmentPeople" */ = {
			isa = XCConfigurationList;
			buildConfigurations = (
				DC1E418D2472B2F80056518B /* Debug */,
				DC1E418E2472B2F80056518B /* Release */,
			);
			defaultConfigurationIsVisible = 0;
			defaultConfigurationName = Release;
		};
		DC1E418F2472B2F80056518B /* Build configuration list for PBXNativeTarget "AssignmentPeople" */ = {
			isa = XCConfigurationList;
			buildConfigurations = (
				DC1E41902472B2F80056518B /* Debug */,
				DC1E41912472B2F80056518B /* Release */,
			);
			defaultConfigurationIsVisible = 0;
			defaultConfigurationName = Release;
		};
		DC1E41922472B2F80056518B /* Build configuration list for PBXNativeTarget "AssignmentPeopleTests" */ = {
			isa = XCConfigurationList;
			buildConfigurations = (
				DC1E41932472B2F80056518B /* Debug */,
				DC1E41942472B2F80056518B /* Release */,
			);
			defaultConfigurationIsVisible = 0;
			defaultConfigurationName = Release;
		};
/* End XCConfigurationList section */
	};
	rootObject = DC1E41682472B2F60056518B /* Project object */;
}
